// !$*UTF8*$!
{
	archiveVersion = 1;
	classes = {
	};
	objectVersion = 50;
	objects = {

/* Begin PBXBuildFile section */
		C0869CF351C1F431F3AC7746 /* Pods_DangerWithSwiftLint.framework in Frameworks */ = {isa = PBXBuildFile; fileRef = C8B8935F376F5F8DC63CAFF2 /* Pods_DangerWithSwiftLint.framework */; };
		F013D80023573BA00070AD65 /* ViewController.swift in Sources */ = {isa = PBXBuildFile; fileRef = F013D7FF23573BA00070AD65 /* ViewController.swift */; };
		F0F2A33F234B61BB004B8EAF /* AppDelegate.swift in Sources */ = {isa = PBXBuildFile; fileRef = F0F2A33E234B61BB004B8EAF /* AppDelegate.swift */; };
		F0F2A341234B61BB004B8EAF /* SceneDelegate.swift in Sources */ = {isa = PBXBuildFile; fileRef = F0F2A340234B61BB004B8EAF /* SceneDelegate.swift */; };
		F0F2A343234B61BB004B8EAF /* ContentView.swift in Sources */ = {isa = PBXBuildFile; fileRef = F0F2A342234B61BB004B8EAF /* ContentView.swift */; };
		F0F2A345234B61C1004B8EAF /* Assets.xcassets in Resources */ = {isa = PBXBuildFile; fileRef = F0F2A344234B61C1004B8EAF /* Assets.xcassets */; };
		F0F2A348234B61C1004B8EAF /* Preview Assets.xcassets in Resources */ = {isa = PBXBuildFile; fileRef = F0F2A347234B61C1004B8EAF /* Preview Assets.xcassets */; };
		F0F2A34B234B61C1004B8EAF /* LaunchScreen.storyboard in Resources */ = {isa = PBXBuildFile; fileRef = F0F2A349234B61C1004B8EAF /* LaunchScreen.storyboard */; };
/* End PBXBuildFile section */

/* Begin PBXFileReference section */
		1DD70BFD321342D010E78E2C /* Pods-DangerWithSwiftLint.debug.xcconfig */ = {isa = PBXFileReference; includeInIndex = 1; lastKnownFileType = text.xcconfig; name = "Pods-DangerWithSwiftLint.debug.xcconfig"; path = "Target Support Files/Pods-DangerWithSwiftLint/Pods-DangerWithSwiftLint.debug.xcconfig"; sourceTree = "<group>"; };
		C8B8935F376F5F8DC63CAFF2 /* Pods_DangerWithSwiftLint.framework */ = {isa = PBXFileReference; explicitFileType = wrapper.framework; includeInIndex = 0; path = Pods_DangerWithSwiftLint.framework; sourceTree = BUILT_PRODUCTS_DIR; };
		F013D7FF23573BA00070AD65 /* ViewController.swift */ = {isa = PBXFileReference; lastKnownFileType = sourcecode.swift; path = ViewController.swift; sourceTree = "<group>"; };
		F0F2A33B234B61BB004B8EAF /* DangerWithSwiftLint.app */ = {isa = PBXFileReference; explicitFileType = wrapper.application; includeInIndex = 0; path = DangerWithSwiftLint.app; sourceTree = BUILT_PRODUCTS_DIR; };
		F0F2A33E234B61BB004B8EAF /* AppDelegate.swift */ = {isa = PBXFileReference; lastKnownFileType = sourcecode.swift; path = AppDelegate.swift; sourceTree = "<group>"; };
		F0F2A340234B61BB004B8EAF /* SceneDelegate.swift */ = {isa = PBXFileReference; lastKnownFileType = sourcecode.swift; path = SceneDelegate.swift; sourceTree = "<group>"; };
		F0F2A342234B61BB004B8EAF /* ContentView.swift */ = {isa = PBXFileReference; lastKnownFileType = sourcecode.swift; path = ContentView.swift; sourceTree = "<group>"; };
		F0F2A344234B61C1004B8EAF /* Assets.xcassets */ = {isa = PBXFileReference; lastKnownFileType = folder.assetcatalog; path = Assets.xcassets; sourceTree = "<group>"; };
		F0F2A347234B61C1004B8EAF /* Preview Assets.xcassets */ = {isa = PBXFileReference; lastKnownFileType = folder.assetcatalog; path = "Preview Assets.xcassets"; sourceTree = "<group>"; };
		F0F2A34A234B61C1004B8EAF /* Base */ = {isa = PBXFileReference; lastKnownFileType = file.storyboard; name = Base; path = Base.lproj/LaunchScreen.storyboard; sourceTree = "<group>"; };
		F0F2A34C234B61C1004B8EAF /* Info.plist */ = {isa = PBXFileReference; lastKnownFileType = text.plist.xml; path = Info.plist; sourceTree = "<group>"; };
		F29F206026A5DB4A26314A28 /* Pods-DangerWithSwiftLint.release.xcconfig */ = {isa = PBXFileReference; includeInIndex = 1; lastKnownFileType = text.xcconfig; name = "Pods-DangerWithSwiftLint.release.xcconfig"; path = "Target Support Files/Pods-DangerWithSwiftLint/Pods-DangerWithSwiftLint.release.xcconfig"; sourceTree = "<group>"; };
/* End PBXFileReference section */

/* Begin PBXFrameworksBuildPhase section */
		F0F2A338234B61BB004B8EAF /* Frameworks */ = {
			isa = PBXFrameworksBuildPhase;
			buildActionMask = 2147483647;
			files = (
				C0869CF351C1F431F3AC7746 /* Pods_DangerWithSwiftLint.framework in Frameworks */,
			);
			runOnlyForDeploymentPostprocessing = 0;
		};
/* End PBXFrameworksBuildPhase section */

/* Begin PBXGroup section */
		663487522AE9C284D84DC3E5 /* Frameworks */ = {
			isa = PBXGroup;
			children = (
				C8B8935F376F5F8DC63CAFF2 /* Pods_DangerWithSwiftLint.framework */,
			);
			name = Frameworks;
			sourceTree = "<group>";
		};
		6CA75B737CC45459AC3E7229 /* Pods */ = {
			isa = PBXGroup;
			children = (
				1DD70BFD321342D010E78E2C /* Pods-DangerWithSwiftLint.debug.xcconfig */,
				F29F206026A5DB4A26314A28 /* Pods-DangerWithSwiftLint.release.xcconfig */,
			);
			path = Pods;
			sourceTree = "<group>";
		};
		F0F2A332234B61BB004B8EAF = {
			isa = PBXGroup;
			children = (
				F0F2A33D234B61BB004B8EAF /* DangerWithSwiftLint */,
				F0F2A33C234B61BB004B8EAF /* Products */,
				6CA75B737CC45459AC3E7229 /* Pods */,
				663487522AE9C284D84DC3E5 /* Frameworks */,
			);
			sourceTree = "<group>";
		};
		F0F2A33C234B61BB004B8EAF /* Products */ = {
			isa = PBXGroup;
			children = (
				F0F2A33B234B61BB004B8EAF /* DangerWithSwiftLint.app */,
			);
			name = Products;
			sourceTree = "<group>";
		};
		F0F2A33D234B61BB004B8EAF /* DangerWithSwiftLint */ = {
			isa = PBXGroup;
			children = (
				F0F2A33E234B61BB004B8EAF /* AppDelegate.swift */,
				F0F2A340234B61BB004B8EAF /* SceneDelegate.swift */,
				F0F2A342234B61BB004B8EAF /* ContentView.swift */,
				F0F2A344234B61C1004B8EAF /* Assets.xcassets */,
				F0F2A349234B61C1004B8EAF /* LaunchScreen.storyboard */,
				F0F2A34C234B61C1004B8EAF /* Info.plist */,
				F0F2A346234B61C1004B8EAF /* Preview Content */,
				F013D7FF23573BA00070AD65 /* ViewController.swift */,
			);
			path = DangerWithSwiftLint;
			sourceTree = "<group>";
		};
		F0F2A346234B61C1004B8EAF /* Preview Content */ = {
			isa = PBXGroup;
			children = (
				F0F2A347234B61C1004B8EAF /* Preview Assets.xcassets */,
			);
			path = "Preview Content";
			sourceTree = "<group>";
		};
/* End PBXGroup section */

/* Begin PBXNativeTarget section */
		F0F2A33A234B61BB004B8EAF /* DangerWithSwiftLint */ = {
			isa = PBXNativeTarget;
			buildConfigurationList = F0F2A34F234B61C1004B8EAF /* Build configuration list for PBXNativeTarget "DangerWithSwiftLint" */;
			buildPhases = (
				9B0131ED296B78964C580508 /* [CP] Check Pods Manifest.lock */,
				F0F2A337234B61BB004B8EAF /* Sources */,
				F0F2A338234B61BB004B8EAF /* Frameworks */,
				F0F2A339234B61BB004B8EAF /* Resources */,
			);
			buildRules = (
			);
			dependencies = (
			);
			name = DangerWithSwiftLint;
			productName = DangerWithSwiftLint;
			productReference = F0F2A33B234B61BB004B8EAF /* DangerWithSwiftLint.app */;
			productType = "com.apple.product-type.application";
		};
/* End PBXNativeTarget section */

/* Begin PBXProject section */
		F0F2A333234B61BB004B8EAF /* Project object */ = {
			isa = PBXProject;
			attributes = {
				LastSwiftUpdateCheck = 1100;
				LastUpgradeCheck = 1100;
				ORGANIZATIONNAME = "Punde, Rasika Nanasaheb (US - Mumbai)";
				TargetAttributes = {
					F0F2A33A234B61BB004B8EAF = {
						CreatedOnToolsVersion = 11.0;
					};
				};
			};
			buildConfigurationList = F0F2A336234B61BB004B8EAF /* Build configuration list for PBXProject "DangerWithSwiftLint" */;
			compatibilityVersion = "Xcode 9.3";
			developmentRegion = en;
			hasScannedForEncodings = 0;
			knownRegions = (
				en,
				Base,
			);
			mainGroup = F0F2A332234B61BB004B8EAF;
			productRefGroup = F0F2A33C234B61BB004B8EAF /* Products */;
			projectDirPath = "";
			projectRoot = "";
			targets = (
				F0F2A33A234B61BB004B8EAF /* DangerWithSwiftLint */,
			);
		};
/* End PBXProject section */

/* Begin PBXResourcesBuildPhase section */
		F0F2A339234B61BB004B8EAF /* Resources */ = {
			isa = PBXResourcesBuildPhase;
			buildActionMask = 2147483647;
			files = (
				F0F2A34B234B61C1004B8EAF /* LaunchScreen.storyboard in Resources */,
				F0F2A348234B61C1004B8EAF /* Preview Assets.xcassets in Resources */,
				F0F2A345234B61C1004B8EAF /* Assets.xcassets in Resources */,
			);
			runOnlyForDeploymentPostprocessing = 0;
		};
/* End PBXResourcesBuildPhase section */

/* Begin PBXShellScriptBuildPhase section */
		9B0131ED296B78964C580508 /* [CP] Check Pods Manifest.lock */ = {
			isa = PBXShellScriptBuildPhase;
			buildActionMask = 2147483647;
			files = (
			);
			inputFileListPaths = (
			);
			inputPaths = (
				"${PODS_PODFILE_DIR_PATH}/Podfile.lock",
				"${PODS_ROOT}/Manifest.lock",
			);
			name = "[CP] Check Pods Manifest.lock";
			outputFileListPaths = (
			);
			outputPaths = (
				"$(DERIVED_FILE_DIR)/Pods-DangerWithSwiftLint-checkManifestLockResult.txt",
			);
			runOnlyForDeploymentPostprocessing = 0;
			shellPath = /bin/sh;
			shellScript = "diff \"${PODS_PODFILE_DIR_PATH}/Podfile.lock\" \"${PODS_ROOT}/Manifest.lock\" > /dev/null\nif [ $? != 0 ] ; then\n    # print error to STDERR\n    echo \"error: The sandbox is not in sync with the Podfile.lock. Run 'pod install' or update your CocoaPods installation.\" >&2\n    exit 1\nfi\n# This output is used by Xcode 'outputs' to avoid re-running this script phase.\necho \"SUCCESS\" > \"${SCRIPT_OUTPUT_FILE_0}\"\n";
			showEnvVarsInLog = 0;
		};
/* End PBXShellScriptBuildPhase section */

/* Begin PBXSourcesBuildPhase section */
		F0F2A337234B61BB004B8EAF /* Sources */ = {
			isa = PBXSourcesBuildPhase;
			buildActionMask = 2147483647;
			files = (
				F0F2A33F234B61BB004B8EAF /* AppDelegate.swift in Sources */,
				F0F2A341234B61BB004B8EAF /* SceneDelegate.swift in Sources */,
				F013D80023573BA00070AD65 /* ViewController.swift in Sources */,
				F0F2A343234B61BB004B8EAF /* ContentView.swift in Sources */,
			);
			runOnlyForDeploymentPostprocessing = 0;
		};
/* End PBXSourcesBuildPhase section */

/* Begin PBXVariantGroup section */
		F0F2A349234B61C1004B8EAF /* LaunchScreen.storyboard */ = {
			isa = PBXVariantGroup;
			children = (
				F0F2A34A234B61C1004B8EAF /* Base */,
			);
			name = LaunchScreen.storyboard;
			sourceTree = "<group>";
		};
/* End PBXVariantGroup section */

/* Begin XCBuildConfiguration section */
		F0F2A34D234B61C1004B8EAF /* Debug */ = {
			isa = XCBuildConfiguration;
			buildSettings = {
				ALWAYS_SEARCH_USER_PATHS = NO;
				CLANG_ANALYZER_NONNULL = YES;
				CLANG_ANALYZER_NUMBER_OBJECT_CONVERSION = YES_AGGRESSIVE;
				CLANG_CXX_LANGUAGE_STANDARD = "gnu++14";
				CLANG_CXX_LIBRARY = "libc++";
				CLANG_ENABLE_MODULES = YES;
				CLANG_ENABLE_OBJC_ARC = YES;
				CLANG_ENABLE_OBJC_WEAK = YES;
				CLANG_WARN_BLOCK_CAPTURE_AUTORELEASING = YES;
				CLANG_WARN_BOOL_CONVERSION = YES;
				CLANG_WARN_COMMA = YES;
				CLANG_WARN_CONSTANT_CONVERSION = YES;
				CLANG_WARN_DEPRECATED_OBJC_IMPLEMENTATIONS = YES;
				CLANG_WARN_DIRECT_OBJC_ISA_USAGE = YES_ERROR;
				CLANG_WARN_DOCUMENTATION_COMMENTS = YES;
				CLANG_WARN_EMPTY_BODY = YES;
				CLANG_WARN_ENUM_CONVERSION = YES;
				CLANG_WARN_INFINITE_RECURSION = YES;
				CLANG_WARN_INT_CONVERSION = YES;
				CLANG_WARN_NON_LITERAL_NULL_CONVERSION = YES;
				CLANG_WARN_OBJC_IMPLICIT_RETAIN_SELF = YES;
				CLANG_WARN_OBJC_LITERAL_CONVERSION = YES;
				CLANG_WARN_OBJC_ROOT_CLASS = YES_ERROR;
				CLANG_WARN_RANGE_LOOP_ANALYSIS = YES;
				CLANG_WARN_STRICT_PROTOTYPES = YES;
				CLANG_WARN_SUSPICIOUS_MOVE = YES;
				CLANG_WARN_UNGUARDED_AVAILABILITY = YES_AGGRESSIVE;
				CLANG_WARN_UNREACHABLE_CODE = YES;
				CLANG_WARN__DUPLICATE_METHOD_MATCH = YES;
				COPY_PHASE_STRIP = NO;
				DEBUG_INFORMATION_FORMAT = dwarf;
				ENABLE_STRICT_OBJC_MSGSEND = YES;
				ENABLE_TESTABILITY = YES;
				GCC_C_LANGUAGE_STANDARD = gnu11;
				GCC_DYNAMIC_NO_PIC = NO;
				GCC_NO_COMMON_BLOCKS = YES;
				GCC_OPTIMIZATION_LEVEL = 0;
				GCC_PREPROCESSOR_DEFINITIONS = (
					"DEBUG=1",
					"$(inherited)",
				);
				GCC_WARN_64_TO_32_BIT_CONVERSION = YES;
				GCC_WARN_ABOUT_RETURN_TYPE = YES_ERROR;
				GCC_WARN_UNDECLARED_SELECTOR = YES;
				GCC_WARN_UNINITIALIZED_AUTOS = YES_AGGRESSIVE;
				GCC_WARN_UNUSED_FUNCTION = YES;
				GCC_WARN_UNUSED_VARIABLE = YES;
				IPHONEOS_DEPLOYMENT_TARGET = 13.0;
				MTL_ENABLE_DEBUG_INFO = INCLUDE_SOURCE;
				MTL_FAST_MATH = YES;
				ONLY_ACTIVE_ARCH = YES;
				SDKROOT = iphoneos;
				SWIFT_ACTIVE_COMPILATION_CONDITIONS = DEBUG;
				SWIFT_OPTIMIZATION_LEVEL = "-Onone";
			};
			name = Debug;
		};
		F0F2A34E234B61C1004B8EAF /* Release */ = {
			isa = XCBuildConfiguration;
			buildSettings = {
				ALWAYS_SEARCH_USER_PATHS = NO;
				CLANG_ANALYZER_NONNULL = YES;
				CLANG_ANALYZER_NUMBER_OBJECT_CONVERSION = YES_AGGRESSIVE;
				CLANG_CXX_LANGUAGE_STANDARD = "gnu++14";
				CLANG_CXX_LIBRARY = "libc++";
				CLANG_ENABLE_MODULES = YES;
				CLANG_ENABLE_OBJC_ARC = YES;
				CLANG_ENABLE_OBJC_WEAK = YES;
				CLANG_WARN_BLOCK_CAPTURE_AUTORELEASING = YES;
				CLANG_WARN_BOOL_CONVERSION = YES;
				CLANG_WARN_COMMA = YES;
				CLANG_WARN_CONSTANT_CONVERSION = YES;
				CLANG_WARN_DEPRECATED_OBJC_IMPLEMENTATIONS = YES;
				CLANG_WARN_DIRECT_OBJC_ISA_USAGE = YES_ERROR;
				CLANG_WARN_DOCUMENTATION_COMMENTS = YES;
				CLANG_WARN_EMPTY_BODY = YES;
				CLANG_WARN_ENUM_CONVERSION = YES;
				CLANG_WARN_INFINITE_RECURSION = YES;
				CLANG_WARN_INT_CONVERSION = YES;
				CLANG_WARN_NON_LITERAL_NULL_CONVERSION = YES;
				CLANG_WARN_OBJC_IMPLICIT_RETAIN_SELF = YES;
				CLANG_WARN_OBJC_LITERAL_CONVERSION = YES;
				CLANG_WARN_OBJC_ROOT_CLASS = YES_ERROR;
				CLANG_WARN_RANGE_LOOP_ANALYSIS = YES;
				CLANG_WARN_STRICT_PROTOTYPES = YES;
				CLANG_WARN_SUSPICIOUS_MOVE = YES;
				CLANG_WARN_UNGUARDED_AVAILABILITY = YES_AGGRESSIVE;
				CLANG_WARN_UNREACHABLE_CODE = YES;
				CLANG_WARN__DUPLICATE_METHOD_MATCH = YES;
				COPY_PHASE_STRIP = NO;
				DEBUG_INFORMATION_FORMAT = "dwarf-with-dsym";
				ENABLE_NS_ASSERTIONS = NO;
				ENABLE_STRICT_OBJC_MSGSEND = YES;
				GCC_C_LANGUAGE_STANDARD = gnu11;
				GCC_NO_COMMON_BLOCKS = YES;
				GCC_WARN_64_TO_32_BIT_CONVERSION = YES;
				GCC_WARN_ABOUT_RETURN_TYPE = YES_ERROR;
				GCC_WARN_UNDECLARED_SELECTOR = YES;
				GCC_WARN_UNINITIALIZED_AUTOS = YES_AGGRESSIVE;
				GCC_WARN_UNUSED_FUNCTION = YES;
				GCC_WARN_UNUSED_VARIABLE = YES;
				IPHONEOS_DEPLOYMENT_TARGET = 13.0;
				MTL_ENABLE_DEBUG_INFO = NO;
				MTL_FAST_MATH = YES;
				SDKROOT = iphoneos;
				SWIFT_COMPILATION_MODE = wholemodule;
				SWIFT_OPTIMIZATION_LEVEL = "-O";
				VALIDATE_PRODUCT = YES;
			};
			name = Release;
		};
		F0F2A350234B61C1004B8EAF /* Debug */ = {
			isa = XCBuildConfiguration;
			baseConfigurationReference = 1DD70BFD321342D010E78E2C /* Pods-DangerWithSwiftLint.debug.xcconfig */;
			buildSettings = {
				ASSETCATALOG_COMPILER_APPICON_NAME = AppIcon;
				CODE_SIGN_STYLE = Automatic;
				DEVELOPMENT_ASSET_PATHS = "\"DangerWithSwiftLint/Preview Content\"";
				DEVELOPMENT_TEAM = 8CA6T82H7R;
				ENABLE_PREVIEWS = YES;
				INFOPLIST_FILE = DangerWithSwiftLint/Info.plist;
				LD_RUNPATH_SEARCH_PATHS = (
					"$(inherited)",
					"@executable_path/Frameworks",
				);
				PRODUCT_BUNDLE_IDENTIFIER = com.rasika.DangerWithSwiftLint;
				PRODUCT_NAME = "$(TARGET_NAME)";
				SWIFT_VERSION = 5.0;
				TARGETED_DEVICE_FAMILY = "1,2";
			};
			name = Debug;
		};
		F0F2A351234B61C1004B8EAF /* Release */ = {
			isa = XCBuildConfiguration;
			baseConfigurationReference = F29F206026A5DB4A26314A28 /* Pods-DangerWithSwiftLint.release.xcconfig */;
			buildSettings = {
				ASSETCATALOG_COMPILER_APPICON_NAME = AppIcon;
				CODE_SIGN_STYLE = Automatic;
				DEVELOPMENT_ASSET_PATHS = "\"DangerWithSwiftLint/Preview Content\"";
				DEVELOPMENT_TEAM = 8CA6T82H7R;
				ENABLE_PREVIEWS = YES;
				INFOPLIST_FILE = DangerWithSwiftLint/Info.plist;
				LD_RUNPATH_SEARCH_PATHS = (
					"$(inherited)",
					"@executable_path/Frameworks",
				);
				PRODUCT_BUNDLE_IDENTIFIER = com.rasika.DangerWithSwiftLint;
				PRODUCT_NAME = "$(TARGET_NAME)";
				SWIFT_VERSION = 5.0;
				TARGETED_DEVICE_FAMILY = "1,2";
			};
			name = Release;
		};
/* End XCBuildConfiguration section */

/* Begin XCConfigurationList section */
		F0F2A336234B61BB004B8EAF /* Build configuration list for PBXProject "DangerWithSwiftLint" */ = {
			isa = XCConfigurationList;
			buildConfigurations = (
				F0F2A34D234B61C1004B8EAF /* Debug */,
				F0F2A34E234B61C1004B8EAF /* Release */,
			);
			defaultConfigurationIsVisible = 0;
			defaultConfigurationName = Release;
		};
		F0F2A34F234B61C1004B8EAF /* Build configuration list for PBXNativeTarget "DangerWithSwiftLint" */ = {
			isa = XCConfigurationList;
			buildConfigurations = (
				F0F2A350234B61C1004B8EAF /* Debug */,
				F0F2A351234B61C1004B8EAF /* Release */,
			);
			defaultConfigurationIsVisible = 0;
			defaultConfigurationName = Release;
		};
/* End XCConfigurationList section */
	};
	rootObject = F0F2A333234B61BB004B8EAF /* Project object */;
}
